
Microsoft Visual Studio Solution File, Format Version 12.00
# Visual Studio Version 17
VisualStudioVersion = 17.3.32804.467
MinimumVisualStudioVersion = 10.0.40219.1
Project("{FAE04EC0-301F-11D3-BF4B-00C04F79EFBC}") = "Abramyan3", "Abramyan3\Abramyan3.csproj", "{7AAC968B-E10E-40A6-9AA1-190D0FB07F92}"
EndProject
Global
	GlobalSection(SolutionConfigurationPlatforms) = preSolution
		Debug|Any CPU = Debug|Any CPU
		Release|Any CPU = Release|Any CPU
	EndGlobalSection
	GlobalSection(ProjectConfigurationPlatforms) = postSolution
		{7AAC968B-E10E-40A6-9AA1-190D0FB07F92}.Debug|Any CPU.ActiveCfg = Debug|Any CPU
		{7AAC968B-E10E-40A6-9AA1-190D0FB07F92}.Debug|Any CPU.Build.0 = Debug|Any CPU
		{7AAC968B-E10E-40A6-9AA1-190D0FB07F92}.Release|Any CPU.ActiveCfg = Release|Any CPU
		{7AAC968B-E10E-40A6-9AA1-190D0FB07F92}.Release|Any CPU.Build.0 = Release|Any CPU
	EndGlobalSection
	GlobalSection(SolutionProperties) = preSolution
		HideSolutionNode = FALSE
	EndGlobalSection
	GlobalSection(ExtensibilityGlobals) = postSolution
		SolutionGuid = {F4F125BC-6EC8-487C-AD0F-15CEF4C41761}
	EndGlobalSection
EndGlobal
