
Microsoft Visual Studio Solution File, Format Version 12.00
# Visual Studio Version 17
VisualStudioVersion = 17.3.32804.467
MinimumVisualStudioVersion = 10.0.40219.1
Project("{FAE04EC0-301F-11D3-BF4B-00C04F79EFBC}") = "Abramyan1", "Abramyan1\Abramyan1.csproj", "{10FF2629-DF5F-486E-A39C-E0D42BBEDF41}"
EndProject
Global
	GlobalSection(SolutionConfigurationPlatforms) = preSolution
		Debug|Any CPU = Debug|Any CPU
		Release|Any CPU = Release|Any CPU
	EndGlobalSection
	GlobalSection(ProjectConfigurationPlatforms) = postSolution
		{10FF2629-DF5F-486E-A39C-E0D42BBEDF41}.Debug|Any CPU.ActiveCfg = Debug|Any CPU
		{10FF2629-DF5F-486E-A39C-E0D42BBEDF41}.Debug|Any CPU.Build.0 = Debug|Any CPU
		{10FF2629-DF5F-486E-A39C-E0D42BBEDF41}.Release|Any CPU.ActiveCfg = Release|Any CPU
		{10FF2629-DF5F-486E-A39C-E0D42BBEDF41}.Release|Any CPU.Build.0 = Release|Any CPU
	EndGlobalSection
	GlobalSection(SolutionProperties) = preSolution
		HideSolutionNode = FALSE
	EndGlobalSection
	GlobalSection(ExtensibilityGlobals) = postSolution
		SolutionGuid = {3C0F2EC4-9D83-4D0B-AD20-82735C0FE7F0}
	EndGlobalSection
EndGlobal
